
Microsoft Visual Studio Solution File, Format Version 12.00
# Visual Studio 15
VisualStudioVersion = 15.0.26430.15
MinimumVisualStudioVersion = 10.0.40219.1
Project("{2150E333-8FDC-42A3-9474-1A3956D46DE8}") = "Behavioral", "Behavioral", "{A9F03E35-1913-4957-8F3E-BDFF763FFEFC}"
EndProject
Project("{2150E333-8FDC-42A3-9474-1A3956D46DE8}") = "Generating", "Generating", "{57435215-464A-4EF1-9879-4DD4E3AB0B23}"
EndProject
Project("{2150E333-8FDC-42A3-9474-1A3956D46DE8}") = "Structural", "Structural", "{B3D74B27-CE92-449A-90F9-76983470A74F}"
EndProject
Project("{FAE04EC0-301F-11D3-BF4B-00C04F79EFBC}") = "ChainOfResponsibility", "Behavioral\ChainOfResponsibility\ChainOfResponsibility.csproj", "{78451868-D38D-4E05-9A11-B666EDB5AA37}"
EndProject
Project("{FAE04EC0-301F-11D3-BF4B-00C04F79EFBC}") = "Singleton", "Generating\Singleton\Singleton.csproj", "{3A7ECB44-A333-4A12-9F8A-924664414F49}"
EndProject
Project("{FAE04EC0-301F-11D3-BF4B-00C04F79EFBC}") = "Builder", "Generating\Builder\Builder.csproj", "{F30AC3DD-988E-46EA-A5C4-B91F79051626}"
EndProject
Project("{FAE04EC0-301F-11D3-BF4B-00C04F79EFBC}") = "AbstractFactory", "Generating\AbstractFactory\AbstractFactory.csproj", "{65581D81-2552-4AEB-B5E8-9AA2D8CA0E8E}"
EndProject
Project("{FAE04EC0-301F-11D3-BF4B-00C04F79EFBC}") = "FactoryMethod", "Generating\FactoryMethod\FactoryMethod.csproj", "{4F88AAE4-34F7-47E4-B781-FB44EDD73E35}"
EndProject
Project("{FAE04EC0-301F-11D3-BF4B-00C04F79EFBC}") = "NullObject", "Generating\NullObject\NullObject.csproj", "{04B0D808-A280-465D-9384-A0B5A03EFD0D}"
EndProject
Project("{FAE04EC0-301F-11D3-BF4B-00C04F79EFBC}") = "ObjectPool", "Generating\ObjectPool\ObjectPool.csproj", "{5A355709-233E-48F2-9401-B1FF1590F329}"
EndProject
Project("{FAE04EC0-301F-11D3-BF4B-00C04F79EFBC}") = "Prototype", "Generating\Prototype\Prototype.csproj", "{2929033B-FC4C-4DA4-822A-A009F9C1FD4D}"
EndProject
Project("{FAE04EC0-301F-11D3-BF4B-00C04F79EFBC}") = "Adapter", "Structural\Adapter\Adapter.csproj", "{62A8E34F-F17A-4740-883C-F8CF82A9DF66}"
EndProject
Project("{FAE04EC0-301F-11D3-BF4B-00C04F79EFBC}") = "Composite", "Structural\Composite\Composite.csproj", "{F9CEE432-D246-4515-A0EB-D030E21324E8}"
EndProject
Project("{FAE04EC0-301F-11D3-BF4B-00C04F79EFBC}") = "Command", "Behavioral\Command\Command.csproj", "{A097FEE7-CBDA-422E-8BF4-454461A10A1F}"
EndProject
Project("{FAE04EC0-301F-11D3-BF4B-00C04F79EFBC}") = "Interpreter", "Behavioral\Interpreter\Interpreter.csproj", "{AC8E9F37-3DEE-44A6-8969-91D643679676}"
EndProject
Project("{FAE04EC0-301F-11D3-BF4B-00C04F79EFBC}") = "Iterator", "Behavioral\Iterator\Iterator.csproj", "{56D8EAF9-8C81-46A6-82DE-08AB47151A20}"
EndProject
Project("{FAE04EC0-301F-11D3-BF4B-00C04F79EFBC}") = "Mediator", "Behavioral\Mediator\Mediator.csproj", "{05EB9223-3303-49C4-A0BD-FAEAB2FFE667}"
EndProject
Project("{FAE04EC0-301F-11D3-BF4B-00C04F79EFBC}") = "Memento", "Behavioral\Memento\Memento.csproj", "{3A39A326-168B-4880-9836-E3B8AEA17C6D}"
EndProject
Project("{FAE04EC0-301F-11D3-BF4B-00C04F79EFBC}") = "Dispose", "Behavioral\Dispose\Dispose.csproj", "{8457BC91-7865-400D-BB80-8A2DC1145297}"
EndProject
Project("{FAE04EC0-301F-11D3-BF4B-00C04F79EFBC}") = "Observer", "Behavioral\Observer\Observer.csproj", "{46ED05A8-3CBC-43A5-AB6C-316D88BF3691}"
EndProject
Project("{FAE04EC0-301F-11D3-BF4B-00C04F79EFBC}") = "State", "Behavioral\State\State.csproj", "{00EFC154-3B9B-4252-ACFF-F080EA004A6B}"
EndProject
Project("{FAE04EC0-301F-11D3-BF4B-00C04F79EFBC}") = "Strategy", "Behavioral\Strategy\Strategy.csproj", "{44F639E6-3819-4872-8D31-943A873DB031}"
EndProject
Project("{FAE04EC0-301F-11D3-BF4B-00C04F79EFBC}") = "TemplateMethod", "Behavioral\TemplateMethod\TemplateMethod.csproj", "{9425B910-B914-49DA-B244-48104345F839}"
EndProject
Project("{FAE04EC0-301F-11D3-BF4B-00C04F79EFBC}") = "Visitor", "Behavioral\Visitor\Visitor.csproj", "{03F25F6C-6549-4E0C-9126-EDBEA91BB476}"
EndProject
Project("{FAE04EC0-301F-11D3-BF4B-00C04F79EFBC}") = "Bridge", "Structural\Bridge\Bridge.csproj", "{D3C78710-8171-4A41-A534-0DD172A94AF6}"
EndProject
Project("{FAE04EC0-301F-11D3-BF4B-00C04F79EFBC}") = "Decorator", "Structural\Decorator\Decorator.csproj", "{4A2222B8-5A32-4E9C-B5E0-5943AB2D02BC}"
EndProject
Project("{FAE04EC0-301F-11D3-BF4B-00C04F79EFBC}") = "Facade", "Structural\Facade\Facade.csproj", "{007C02F9-5360-44B2-BA59-C9CD248DA13F}"
EndProject
Project("{FAE04EC0-301F-11D3-BF4B-00C04F79EFBC}") = "Flyweight", "Structural\Flyweight\Flyweight.csproj", "{FC59FE67-28E9-4687-A6DA-0DB224FDAD48}"
EndProject
Project("{FAE04EC0-301F-11D3-BF4B-00C04F79EFBC}") = "Proxy", "Structural\Proxy\Proxy.csproj", "{7C9B6DEB-94D4-452F-A936-BA31B74BC374}"
EndProject
Global
	GlobalSection(SolutionConfigurationPlatforms) = preSolution
		Debug|Any CPU = Debug|Any CPU
		Release|Any CPU = Release|Any CPU
	EndGlobalSection
	GlobalSection(ProjectConfigurationPlatforms) = postSolution
		{78451868-D38D-4E05-9A11-B666EDB5AA37}.Debug|Any CPU.ActiveCfg = Debug|Any CPU
		{78451868-D38D-4E05-9A11-B666EDB5AA37}.Debug|Any CPU.Build.0 = Debug|Any CPU
		{78451868-D38D-4E05-9A11-B666EDB5AA37}.Release|Any CPU.ActiveCfg = Release|Any CPU
		{78451868-D38D-4E05-9A11-B666EDB5AA37}.Release|Any CPU.Build.0 = Release|Any CPU
		{3A7ECB44-A333-4A12-9F8A-924664414F49}.Debug|Any CPU.ActiveCfg = Debug|Any CPU
		{3A7ECB44-A333-4A12-9F8A-924664414F49}.Debug|Any CPU.Build.0 = Debug|Any CPU
		{3A7ECB44-A333-4A12-9F8A-924664414F49}.Release|Any CPU.ActiveCfg = Release|Any CPU
		{3A7ECB44-A333-4A12-9F8A-924664414F49}.Release|Any CPU.Build.0 = Release|Any CPU
		{F30AC3DD-988E-46EA-A5C4-B91F79051626}.Debug|Any CPU.ActiveCfg = Debug|Any CPU
		{F30AC3DD-988E-46EA-A5C4-B91F79051626}.Debug|Any CPU.Build.0 = Debug|Any CPU
		{F30AC3DD-988E-46EA-A5C4-B91F79051626}.Release|Any CPU.ActiveCfg = Release|Any CPU
		{F30AC3DD-988E-46EA-A5C4-B91F79051626}.Release|Any CPU.Build.0 = Release|Any CPU
		{65581D81-2552-4AEB-B5E8-9AA2D8CA0E8E}.Debug|Any CPU.ActiveCfg = Debug|Any CPU
		{65581D81-2552-4AEB-B5E8-9AA2D8CA0E8E}.Debug|Any CPU.Build.0 = Debug|Any CPU
		{65581D81-2552-4AEB-B5E8-9AA2D8CA0E8E}.Release|Any CPU.ActiveCfg = Release|Any CPU
		{65581D81-2552-4AEB-B5E8-9AA2D8CA0E8E}.Release|Any CPU.Build.0 = Release|Any CPU
		{4F88AAE4-34F7-47E4-B781-FB44EDD73E35}.Debug|Any CPU.ActiveCfg = Debug|Any CPU
		{4F88AAE4-34F7-47E4-B781-FB44EDD73E35}.Debug|Any CPU.Build.0 = Debug|Any CPU
		{4F88AAE4-34F7-47E4-B781-FB44EDD73E35}.Release|Any CPU.ActiveCfg = Release|Any CPU
		{4F88AAE4-34F7-47E4-B781-FB44EDD73E35}.Release|Any CPU.Build.0 = Release|Any CPU
		{04B0D808-A280-465D-9384-A0B5A03EFD0D}.Debug|Any CPU.ActiveCfg = Debug|Any CPU
		{04B0D808-A280-465D-9384-A0B5A03EFD0D}.Debug|Any CPU.Build.0 = Debug|Any CPU
		{04B0D808-A280-465D-9384-A0B5A03EFD0D}.Release|Any CPU.ActiveCfg = Release|Any CPU
		{04B0D808-A280-465D-9384-A0B5A03EFD0D}.Release|Any CPU.Build.0 = Release|Any CPU
		{5A355709-233E-48F2-9401-B1FF1590F329}.Debug|Any CPU.ActiveCfg = Debug|Any CPU
		{5A355709-233E-48F2-9401-B1FF1590F329}.Debug|Any CPU.Build.0 = Debug|Any CPU
		{5A355709-233E-48F2-9401-B1FF1590F329}.Release|Any CPU.ActiveCfg = Release|Any CPU
		{5A355709-233E-48F2-9401-B1FF1590F329}.Release|Any CPU.Build.0 = Release|Any CPU
		{2929033B-FC4C-4DA4-822A-A009F9C1FD4D}.Debug|Any CPU.ActiveCfg = Debug|Any CPU
		{2929033B-FC4C-4DA4-822A-A009F9C1FD4D}.Debug|Any CPU.Build.0 = Debug|Any CPU
		{2929033B-FC4C-4DA4-822A-A009F9C1FD4D}.Release|Any CPU.ActiveCfg = Release|Any CPU
		{2929033B-FC4C-4DA4-822A-A009F9C1FD4D}.Release|Any CPU.Build.0 = Release|Any CPU
		{62A8E34F-F17A-4740-883C-F8CF82A9DF66}.Debug|Any CPU.ActiveCfg = Debug|Any CPU
		{62A8E34F-F17A-4740-883C-F8CF82A9DF66}.Debug|Any CPU.Build.0 = Debug|Any CPU
		{62A8E34F-F17A-4740-883C-F8CF82A9DF66}.Release|Any CPU.ActiveCfg = Release|Any CPU
		{62A8E34F-F17A-4740-883C-F8CF82A9DF66}.Release|Any CPU.Build.0 = Release|Any CPU
		{F9CEE432-D246-4515-A0EB-D030E21324E8}.Debug|Any CPU.ActiveCfg = Debug|Any CPU
		{F9CEE432-D246-4515-A0EB-D030E21324E8}.Debug|Any CPU.Build.0 = Debug|Any CPU
		{F9CEE432-D246-4515-A0EB-D030E21324E8}.Release|Any CPU.ActiveCfg = Release|Any CPU
		{F9CEE432-D246-4515-A0EB-D030E21324E8}.Release|Any CPU.Build.0 = Release|Any CPU
		{A097FEE7-CBDA-422E-8BF4-454461A10A1F}.Debug|Any CPU.ActiveCfg = Debug|Any CPU
		{A097FEE7-CBDA-422E-8BF4-454461A10A1F}.Debug|Any CPU.Build.0 = Debug|Any CPU
		{A097FEE7-CBDA-422E-8BF4-454461A10A1F}.Release|Any CPU.ActiveCfg = Release|Any CPU
		{A097FEE7-CBDA-422E-8BF4-454461A10A1F}.Release|Any CPU.Build.0 = Release|Any CPU
		{AC8E9F37-3DEE-44A6-8969-91D643679676}.Debug|Any CPU.ActiveCfg = Debug|Any CPU
		{AC8E9F37-3DEE-44A6-8969-91D643679676}.Debug|Any CPU.Build.0 = Debug|Any CPU
		{AC8E9F37-3DEE-44A6-8969-91D643679676}.Release|Any CPU.ActiveCfg = Release|Any CPU
		{AC8E9F37-3DEE-44A6-8969-91D643679676}.Release|Any CPU.Build.0 = Release|Any CPU
		{56D8EAF9-8C81-46A6-82DE-08AB47151A20}.Debug|Any CPU.ActiveCfg = Debug|Any CPU
		{56D8EAF9-8C81-46A6-82DE-08AB47151A20}.Debug|Any CPU.Build.0 = Debug|Any CPU
		{56D8EAF9-8C81-46A6-82DE-08AB47151A20}.Release|Any CPU.ActiveCfg = Release|Any CPU
		{56D8EAF9-8C81-46A6-82DE-08AB47151A20}.Release|Any CPU.Build.0 = Release|Any CPU
		{05EB9223-3303-49C4-A0BD-FAEAB2FFE667}.Debug|Any CPU.ActiveCfg = Debug|Any CPU
		{05EB9223-3303-49C4-A0BD-FAEAB2FFE667}.Debug|Any CPU.Build.0 = Debug|Any CPU
		{05EB9223-3303-49C4-A0BD-FAEAB2FFE667}.Release|Any CPU.ActiveCfg = Release|Any CPU
		{05EB9223-3303-49C4-A0BD-FAEAB2FFE667}.Release|Any CPU.Build.0 = Release|Any CPU
		{3A39A326-168B-4880-9836-E3B8AEA17C6D}.Debug|Any CPU.ActiveCfg = Debug|Any CPU
		{3A39A326-168B-4880-9836-E3B8AEA17C6D}.Debug|Any CPU.Build.0 = Debug|Any CPU
		{3A39A326-168B-4880-9836-E3B8AEA17C6D}.Release|Any CPU.ActiveCfg = Release|Any CPU
		{3A39A326-168B-4880-9836-E3B8AEA17C6D}.Release|Any CPU.Build.0 = Release|Any CPU
		{8457BC91-7865-400D-BB80-8A2DC1145297}.Debug|Any CPU.ActiveCfg = Debug|Any CPU
		{8457BC91-7865-400D-BB80-8A2DC1145297}.Debug|Any CPU.Build.0 = Debug|Any CPU
		{8457BC91-7865-400D-BB80-8A2DC1145297}.Release|Any CPU.ActiveCfg = Release|Any CPU
		{8457BC91-7865-400D-BB80-8A2DC1145297}.Release|Any CPU.Build.0 = Release|Any CPU
		{46ED05A8-3CBC-43A5-AB6C-316D88BF3691}.Debug|Any CPU.ActiveCfg = Debug|Any CPU
		{46ED05A8-3CBC-43A5-AB6C-316D88BF3691}.Debug|Any CPU.Build.0 = Debug|Any CPU
		{46ED05A8-3CBC-43A5-AB6C-316D88BF3691}.Release|Any CPU.ActiveCfg = Release|Any CPU
		{46ED05A8-3CBC-43A5-AB6C-316D88BF3691}.Release|Any CPU.Build.0 = Release|Any CPU
		{00EFC154-3B9B-4252-ACFF-F080EA004A6B}.Debug|Any CPU.ActiveCfg = Debug|Any CPU
		{00EFC154-3B9B-4252-ACFF-F080EA004A6B}.Debug|Any CPU.Build.0 = Debug|Any CPU
		{00EFC154-3B9B-4252-ACFF-F080EA004A6B}.Release|Any CPU.ActiveCfg = Release|Any CPU
		{00EFC154-3B9B-4252-ACFF-F080EA004A6B}.Release|Any CPU.Build.0 = Release|Any CPU
		{44F639E6-3819-4872-8D31-943A873DB031}.Debug|Any CPU.ActiveCfg = Debug|Any CPU
		{44F639E6-3819-4872-8D31-943A873DB031}.Debug|Any CPU.Build.0 = Debug|Any CPU
		{44F639E6-3819-4872-8D31-943A873DB031}.Release|Any CPU.ActiveCfg = Release|Any CPU
		{44F639E6-3819-4872-8D31-943A873DB031}.Release|Any CPU.Build.0 = Release|Any CPU
		{9425B910-B914-49DA-B244-48104345F839}.Debug|Any CPU.ActiveCfg = Debug|Any CPU
		{9425B910-B914-49DA-B244-48104345F839}.Debug|Any CPU.Build.0 = Debug|Any CPU
		{9425B910-B914-49DA-B244-48104345F839}.Release|Any CPU.ActiveCfg = Release|Any CPU
		{9425B910-B914-49DA-B244-48104345F839}.Release|Any CPU.Build.0 = Release|Any CPU
		{03F25F6C-6549-4E0C-9126-EDBEA91BB476}.Debug|Any CPU.ActiveCfg = Debug|Any CPU
		{03F25F6C-6549-4E0C-9126-EDBEA91BB476}.Debug|Any CPU.Build.0 = Debug|Any CPU
		{03F25F6C-6549-4E0C-9126-EDBEA91BB476}.Release|Any CPU.ActiveCfg = Release|Any CPU
		{03F25F6C-6549-4E0C-9126-EDBEA91BB476}.Release|Any CPU.Build.0 = Release|Any CPU
		{D3C78710-8171-4A41-A534-0DD172A94AF6}.Debug|Any CPU.ActiveCfg = Debug|Any CPU
		{D3C78710-8171-4A41-A534-0DD172A94AF6}.Debug|Any CPU.Build.0 = Debug|Any CPU
		{D3C78710-8171-4A41-A534-0DD172A94AF6}.Release|Any CPU.ActiveCfg = Release|Any CPU
		{D3C78710-8171-4A41-A534-0DD172A94AF6}.Release|Any CPU.Build.0 = Release|Any CPU
		{4A2222B8-5A32-4E9C-B5E0-5943AB2D02BC}.Debug|Any CPU.ActiveCfg = Debug|Any CPU
		{4A2222B8-5A32-4E9C-B5E0-5943AB2D02BC}.Debug|Any CPU.Build.0 = Debug|Any CPU
		{4A2222B8-5A32-4E9C-B5E0-5943AB2D02BC}.Release|Any CPU.ActiveCfg = Release|Any CPU
		{4A2222B8-5A32-4E9C-B5E0-5943AB2D02BC}.Release|Any CPU.Build.0 = Release|Any CPU
		{007C02F9-5360-44B2-BA59-C9CD248DA13F}.Debug|Any CPU.ActiveCfg = Debug|Any CPU
		{007C02F9-5360-44B2-BA59-C9CD248DA13F}.Debug|Any CPU.Build.0 = Debug|Any CPU
		{007C02F9-5360-44B2-BA59-C9CD248DA13F}.Release|Any CPU.ActiveCfg = Release|Any CPU
		{007C02F9-5360-44B2-BA59-C9CD248DA13F}.Release|Any CPU.Build.0 = Release|Any CPU
		{FC59FE67-28E9-4687-A6DA-0DB224FDAD48}.Debug|Any CPU.ActiveCfg = Debug|Any CPU
		{FC59FE67-28E9-4687-A6DA-0DB224FDAD48}.Debug|Any CPU.Build.0 = Debug|Any CPU
		{FC59FE67-28E9-4687-A6DA-0DB224FDAD48}.Release|Any CPU.ActiveCfg = Release|Any CPU
		{FC59FE67-28E9-4687-A6DA-0DB224FDAD48}.Release|Any CPU.Build.0 = Release|Any CPU
		{7C9B6DEB-94D4-452F-A936-BA31B74BC374}.Debug|Any CPU.ActiveCfg = Debug|Any CPU
		{7C9B6DEB-94D4-452F-A936-BA31B74BC374}.Debug|Any CPU.Build.0 = Debug|Any CPU
		{7C9B6DEB-94D4-452F-A936-BA31B74BC374}.Release|Any CPU.ActiveCfg = Release|Any CPU
		{7C9B6DEB-94D4-452F-A936-BA31B74BC374}.Release|Any CPU.Build.0 = Release|Any CPU
	EndGlobalSection
	GlobalSection(SolutionProperties) = preSolution
		HideSolutionNode = FALSE
	EndGlobalSection
	GlobalSection(NestedProjects) = preSolution
		{78451868-D38D-4E05-9A11-B666EDB5AA37} = {A9F03E35-1913-4957-8F3E-BDFF763FFEFC}
		{3A7ECB44-A333-4A12-9F8A-924664414F49} = {57435215-464A-4EF1-9879-4DD4E3AB0B23}
		{F30AC3DD-988E-46EA-A5C4-B91F79051626} = {57435215-464A-4EF1-9879-4DD4E3AB0B23}
		{65581D81-2552-4AEB-B5E8-9AA2D8CA0E8E} = {57435215-464A-4EF1-9879-4DD4E3AB0B23}
		{4F88AAE4-34F7-47E4-B781-FB44EDD73E35} = {57435215-464A-4EF1-9879-4DD4E3AB0B23}
		{04B0D808-A280-465D-9384-A0B5A03EFD0D} = {57435215-464A-4EF1-9879-4DD4E3AB0B23}
		{5A355709-233E-48F2-9401-B1FF1590F329} = {57435215-464A-4EF1-9879-4DD4E3AB0B23}
		{2929033B-FC4C-4DA4-822A-A009F9C1FD4D} = {57435215-464A-4EF1-9879-4DD4E3AB0B23}
		{62A8E34F-F17A-4740-883C-F8CF82A9DF66} = {B3D74B27-CE92-449A-90F9-76983470A74F}
		{F9CEE432-D246-4515-A0EB-D030E21324E8} = {B3D74B27-CE92-449A-90F9-76983470A74F}
		{A097FEE7-CBDA-422E-8BF4-454461A10A1F} = {A9F03E35-1913-4957-8F3E-BDFF763FFEFC}
		{AC8E9F37-3DEE-44A6-8969-91D643679676} = {A9F03E35-1913-4957-8F3E-BDFF763FFEFC}
		{56D8EAF9-8C81-46A6-82DE-08AB47151A20} = {A9F03E35-1913-4957-8F3E-BDFF763FFEFC}
		{05EB9223-3303-49C4-A0BD-FAEAB2FFE667} = {A9F03E35-1913-4957-8F3E-BDFF763FFEFC}
		{3A39A326-168B-4880-9836-E3B8AEA17C6D} = {A9F03E35-1913-4957-8F3E-BDFF763FFEFC}
		{8457BC91-7865-400D-BB80-8A2DC1145297} = {A9F03E35-1913-4957-8F3E-BDFF763FFEFC}
		{46ED05A8-3CBC-43A5-AB6C-316D88BF3691} = {A9F03E35-1913-4957-8F3E-BDFF763FFEFC}
		{00EFC154-3B9B-4252-ACFF-F080EA004A6B} = {A9F03E35-1913-4957-8F3E-BDFF763FFEFC}
		{44F639E6-3819-4872-8D31-943A873DB031} = {A9F03E35-1913-4957-8F3E-BDFF763FFEFC}
		{9425B910-B914-49DA-B244-48104345F839} = {A9F03E35-1913-4957-8F3E-BDFF763FFEFC}
		{03F25F6C-6549-4E0C-9126-EDBEA91BB476} = {A9F03E35-1913-4957-8F3E-BDFF763FFEFC}
		{D3C78710-8171-4A41-A534-0DD172A94AF6} = {B3D74B27-CE92-449A-90F9-76983470A74F}
		{4A2222B8-5A32-4E9C-B5E0-5943AB2D02BC} = {B3D74B27-CE92-449A-90F9-76983470A74F}
		{007C02F9-5360-44B2-BA59-C9CD248DA13F} = {B3D74B27-CE92-449A-90F9-76983470A74F}
		{FC59FE67-28E9-4687-A6DA-0DB224FDAD48} = {B3D74B27-CE92-449A-90F9-76983470A74F}
		{7C9B6DEB-94D4-452F-A936-BA31B74BC374} = {B3D74B27-CE92-449A-90F9-76983470A74F}
	EndGlobalSection
EndGlobal
