
Microsoft Visual Studio Solution File, Format Version 12.00
# Visual Studio 14
VisualStudioVersion = 14.0.25420.1
MinimumVisualStudioVersion = 10.0.40219.1
Project("{2150E333-8FDC-42A3-9474-1A3956D46DE8}") = "Behavioral", "Behavioral", "{A9F03E35-1913-4957-8F3E-BDFF763FFEFC}"
EndProject
Project("{2150E333-8FDC-42A3-9474-1A3956D46DE8}") = "Generating", "Generating", "{57435215-464A-4EF1-9879-4DD4E3AB0B23}"
EndProject
Project("{2150E333-8FDC-42A3-9474-1A3956D46DE8}") = "Structural", "Structural", "{B3D74B27-CE92-449A-90F9-76983470A74F}"
EndProject
Project("{FAE04EC0-301F-11D3-BF4B-00C04F79EFBC}") = "ChainOfResponsibility", "Behavioral\ChainOfResponsibility\ChainOfResponsibility.csproj", "{78451868-D38D-4E05-9A11-B666EDB5AA37}"
EndProject
Project("{FAE04EC0-301F-11D3-BF4B-00C04F79EFBC}") = "Singleton", "Generating\Singleton\Singleton.csproj", "{3A7ECB44-A333-4A12-9F8A-924664414F49}"
EndProject
Project("{FAE04EC0-301F-11D3-BF4B-00C04F79EFBC}") = "Builder", "Generating\Builder\Builder.csproj", "{F30AC3DD-988E-46EA-A5C4-B91F79051626}"
EndProject
Global
	GlobalSection(SolutionConfigurationPlatforms) = preSolution
		Debug|Any CPU = Debug|Any CPU
		Release|Any CPU = Release|Any CPU
	EndGlobalSection
	GlobalSection(ProjectConfigurationPlatforms) = postSolution
		{78451868-D38D-4E05-9A11-B666EDB5AA37}.Debug|Any CPU.ActiveCfg = Debug|Any CPU
		{78451868-D38D-4E05-9A11-B666EDB5AA37}.Debug|Any CPU.Build.0 = Debug|Any CPU
		{78451868-D38D-4E05-9A11-B666EDB5AA37}.Release|Any CPU.ActiveCfg = Release|Any CPU
		{78451868-D38D-4E05-9A11-B666EDB5AA37}.Release|Any CPU.Build.0 = Release|Any CPU
		{3A7ECB44-A333-4A12-9F8A-924664414F49}.Debug|Any CPU.ActiveCfg = Debug|Any CPU
		{3A7ECB44-A333-4A12-9F8A-924664414F49}.Debug|Any CPU.Build.0 = Debug|Any CPU
		{3A7ECB44-A333-4A12-9F8A-924664414F49}.Release|Any CPU.ActiveCfg = Release|Any CPU
		{3A7ECB44-A333-4A12-9F8A-924664414F49}.Release|Any CPU.Build.0 = Release|Any CPU
		{F30AC3DD-988E-46EA-A5C4-B91F79051626}.Debug|Any CPU.ActiveCfg = Debug|Any CPU
		{F30AC3DD-988E-46EA-A5C4-B91F79051626}.Debug|Any CPU.Build.0 = Debug|Any CPU
		{F30AC3DD-988E-46EA-A5C4-B91F79051626}.Release|Any CPU.ActiveCfg = Release|Any CPU
		{F30AC3DD-988E-46EA-A5C4-B91F79051626}.Release|Any CPU.Build.0 = Release|Any CPU
	EndGlobalSection
	GlobalSection(SolutionProperties) = preSolution
		HideSolutionNode = FALSE
	EndGlobalSection
	GlobalSection(NestedProjects) = preSolution
		{78451868-D38D-4E05-9A11-B666EDB5AA37} = {A9F03E35-1913-4957-8F3E-BDFF763FFEFC}
		{3A7ECB44-A333-4A12-9F8A-924664414F49} = {57435215-464A-4EF1-9879-4DD4E3AB0B23}
		{F30AC3DD-988E-46EA-A5C4-B91F79051626} = {57435215-464A-4EF1-9879-4DD4E3AB0B23}
	EndGlobalSection
EndGlobal
